
Microsoft Visual Studio Solution File, Format Version 12.00
# Visual Studio 15
VisualStudioVersion = 15.0.27130.2027
MinimumVisualStudioVersion = 10.0.40219.1
Project("{2150E333-8FDC-42A3-9474-1A3956D46DE8}") = "0 - Presentation", "0 - Presentation", "{73790349-B7DC-4C1F-8034-D7C31ADDF3F1}"
EndProject
Project("{2150E333-8FDC-42A3-9474-1A3956D46DE8}") = "2 - Services", "2 - Services", "{E5BAB74C-C4AA-4DDB-A983-FA2B85AAFB89}"
EndProject
Project("{2150E333-8FDC-42A3-9474-1A3956D46DE8}") = "1 - Application", "1 - Application", "{E07FD944-52AE-4C5D-B06D-1D71B74EA45D}"
EndProject
Project("{2150E333-8FDC-42A3-9474-1A3956D46DE8}") = "3 - Domain", "3 - Domain", "{35AABFBF-3F88-482E-9756-9DC2CD402820}"
EndProject
Project("{2150E333-8FDC-42A3-9474-1A3956D46DE8}") = "4 - Infrastructure", "4 - Infrastructure", "{0306B3B1-B24F-4092-A2C0-09D6D8650B8E}"
EndProject
Project("{FAE04EC0-301F-11D3-BF4B-00C04F79EFBC}") = "DomainModel", "DomainModel\DomainModel.csproj", "{97B299F6-43F1-417F-A1AD-6678BBE6CD9A}"
EndProject
Project("{FAE04EC0-301F-11D3-BF4B-00C04F79EFBC}") = "DomainServices", "DomainServices\DomainServices.csproj", "{D3D281E0-F8B4-401D-8886-47D7132A46A3}"
EndProject
Project("{2150E333-8FDC-42A3-9474-1A3956D46DE8}") = "4.1 - Data", "4.1 - Data", "{E6FEF1E2-D10B-48D3-AB09-6FD43C8A897E}"
EndProject
Project("{FAE04EC0-301F-11D3-BF4B-00C04F79EFBC}") = "Data", "Data\Data.csproj", "{A9826AEA-AAB6-4481-B745-84E7C3AF8AF5}"
EndProject
Project("{FAE04EC0-301F-11D3-BF4B-00C04F79EFBC}") = "Application", "Application\Application.csproj", "{A17DD9DD-C6D1-46AB-A52E-E64AA9FA1332}"
EndProject
Project("{2150E333-8FDC-42A3-9474-1A3956D46DE8}") = "4.2 - CrossCutting", "4.2 - CrossCutting", "{FC9EB2D1-3B72-4BD2-A1A9-DFCA4EE866C0}"
EndProject
Project("{FAE04EC0-301F-11D3-BF4B-00C04F79EFBC}") = "WebApp", "WebApp\WebApp.csproj", "{DB72724F-44CB-4A21-9879-C486202E9AAB}"
EndProject
Project("{FAE04EC0-301F-11D3-BF4B-00C04F79EFBC}") = "StorageService", "StorageService\StorageService.csproj", "{6A392033-2BD8-41CA-9AA3-5AD37E714ACD}"
EndProject
Project("{FAE04EC0-301F-11D3-BF4B-00C04F79EFBC}") = "CountryWebAPI", "CountryWebAPI\CountryWebAPI.csproj", "{3F67ADAF-3340-405E-8FC9-538DD8CC9BEB}"
EndProject
Global
	GlobalSection(SolutionConfigurationPlatforms) = preSolution
		Debug|Any CPU = Debug|Any CPU
		Release|Any CPU = Release|Any CPU
	EndGlobalSection
	GlobalSection(ProjectConfigurationPlatforms) = postSolution
		{97B299F6-43F1-417F-A1AD-6678BBE6CD9A}.Debug|Any CPU.ActiveCfg = Debug|Any CPU
		{97B299F6-43F1-417F-A1AD-6678BBE6CD9A}.Debug|Any CPU.Build.0 = Debug|Any CPU
		{97B299F6-43F1-417F-A1AD-6678BBE6CD9A}.Release|Any CPU.ActiveCfg = Release|Any CPU
		{97B299F6-43F1-417F-A1AD-6678BBE6CD9A}.Release|Any CPU.Build.0 = Release|Any CPU
		{D3D281E0-F8B4-401D-8886-47D7132A46A3}.Debug|Any CPU.ActiveCfg = Debug|Any CPU
		{D3D281E0-F8B4-401D-8886-47D7132A46A3}.Debug|Any CPU.Build.0 = Debug|Any CPU
		{D3D281E0-F8B4-401D-8886-47D7132A46A3}.Release|Any CPU.ActiveCfg = Release|Any CPU
		{D3D281E0-F8B4-401D-8886-47D7132A46A3}.Release|Any CPU.Build.0 = Release|Any CPU
		{A9826AEA-AAB6-4481-B745-84E7C3AF8AF5}.Debug|Any CPU.ActiveCfg = Debug|Any CPU
		{A9826AEA-AAB6-4481-B745-84E7C3AF8AF5}.Debug|Any CPU.Build.0 = Debug|Any CPU
		{A9826AEA-AAB6-4481-B745-84E7C3AF8AF5}.Release|Any CPU.ActiveCfg = Release|Any CPU
		{A9826AEA-AAB6-4481-B745-84E7C3AF8AF5}.Release|Any CPU.Build.0 = Release|Any CPU
		{A17DD9DD-C6D1-46AB-A52E-E64AA9FA1332}.Debug|Any CPU.ActiveCfg = Debug|Any CPU
		{A17DD9DD-C6D1-46AB-A52E-E64AA9FA1332}.Debug|Any CPU.Build.0 = Debug|Any CPU
		{A17DD9DD-C6D1-46AB-A52E-E64AA9FA1332}.Release|Any CPU.ActiveCfg = Release|Any CPU
		{A17DD9DD-C6D1-46AB-A52E-E64AA9FA1332}.Release|Any CPU.Build.0 = Release|Any CPU
		{DB72724F-44CB-4A21-9879-C486202E9AAB}.Debug|Any CPU.ActiveCfg = Debug|Any CPU
		{DB72724F-44CB-4A21-9879-C486202E9AAB}.Debug|Any CPU.Build.0 = Debug|Any CPU
		{DB72724F-44CB-4A21-9879-C486202E9AAB}.Release|Any CPU.ActiveCfg = Release|Any CPU
		{DB72724F-44CB-4A21-9879-C486202E9AAB}.Release|Any CPU.Build.0 = Release|Any CPU
		{6A392033-2BD8-41CA-9AA3-5AD37E714ACD}.Debug|Any CPU.ActiveCfg = Debug|Any CPU
		{6A392033-2BD8-41CA-9AA3-5AD37E714ACD}.Debug|Any CPU.Build.0 = Debug|Any CPU
		{6A392033-2BD8-41CA-9AA3-5AD37E714ACD}.Release|Any CPU.ActiveCfg = Release|Any CPU
		{6A392033-2BD8-41CA-9AA3-5AD37E714ACD}.Release|Any CPU.Build.0 = Release|Any CPU
		{3F67ADAF-3340-405E-8FC9-538DD8CC9BEB}.Debug|Any CPU.ActiveCfg = Debug|Any CPU
		{3F67ADAF-3340-405E-8FC9-538DD8CC9BEB}.Debug|Any CPU.Build.0 = Debug|Any CPU
		{3F67ADAF-3340-405E-8FC9-538DD8CC9BEB}.Release|Any CPU.ActiveCfg = Release|Any CPU
		{3F67ADAF-3340-405E-8FC9-538DD8CC9BEB}.Release|Any CPU.Build.0 = Release|Any CPU
	EndGlobalSection
	GlobalSection(SolutionProperties) = preSolution
		HideSolutionNode = FALSE
	EndGlobalSection
	GlobalSection(NestedProjects) = preSolution
		{97B299F6-43F1-417F-A1AD-6678BBE6CD9A} = {35AABFBF-3F88-482E-9756-9DC2CD402820}
		{D3D281E0-F8B4-401D-8886-47D7132A46A3} = {35AABFBF-3F88-482E-9756-9DC2CD402820}
		{E6FEF1E2-D10B-48D3-AB09-6FD43C8A897E} = {0306B3B1-B24F-4092-A2C0-09D6D8650B8E}
		{A9826AEA-AAB6-4481-B745-84E7C3AF8AF5} = {E6FEF1E2-D10B-48D3-AB09-6FD43C8A897E}
		{A17DD9DD-C6D1-46AB-A52E-E64AA9FA1332} = {E07FD944-52AE-4C5D-B06D-1D71B74EA45D}
		{FC9EB2D1-3B72-4BD2-A1A9-DFCA4EE866C0} = {0306B3B1-B24F-4092-A2C0-09D6D8650B8E}
		{DB72724F-44CB-4A21-9879-C486202E9AAB} = {73790349-B7DC-4C1F-8034-D7C31ADDF3F1}
		{6A392033-2BD8-41CA-9AA3-5AD37E714ACD} = {E5BAB74C-C4AA-4DDB-A983-FA2B85AAFB89}
		{3F67ADAF-3340-405E-8FC9-538DD8CC9BEB} = {E5BAB74C-C4AA-4DDB-A983-FA2B85AAFB89}
	EndGlobalSection
	GlobalSection(ExtensibilityGlobals) = postSolution
		SolutionGuid = {A131E4D7-8184-43E0-B262-271D7E3287F8}
	EndGlobalSection
EndGlobal
